<?xml version="1.0" encoding="utf-8"?>
<Project ToolsVersion="4.0" xmlns="http://schemas.microsoft.com/developer/msbuild/2003">
  <ItemGroup>
    <Filter Include="Aplication">
      <UniqueIdentifier>{4557b197-2b4e-48cd-b55b-0dc29fe0652b}</UniqueIdentifier>
    </Filter>
  </ItemGroup>
  <ItemGroup>
    <ClCompile Include="main.cpp">
      <Filter>Aplication</Filter>
    </ClCompile>
  </ItemGroup>
</Project>